{
  "originHash" : "f9bef61675c26a62e70ce35fed5b055c3d5c14fec454e56a19c71952ef3553c9",
  "pins" : [
    {
      "identity" : "factory",
      "kind" : "remoteSourceControl",
      "location" : "https://github.com/hmlongco/Factory",
      "state" : {
        "revision" : "fb04a8918848e413d3921d346a23bae7f81088d9",
        "version" : "2.4.3"
      }
    },
    {
      "identity" : "nivelir",
      "kind" : "remoteSourceControl",
      "location" : "https://github.com/hhru/Nivelir.git",
      "state" : {
        "revision" : "8d97cafaa08c711bf1f428912195cc0b49c782fa",
        "version" : "1.9.6"
      }
    },
    {
      "identity" : "swiftlintplugins",
      "kind" : "remoteSourceControl",
      "location" : "https://github.com/SimplyDanny/SwiftLintPlugins",
      "state" : {
        "revision" : "7a3d77f3dd9f91d5cea138e52c20cfceabf352de",
        "version" : "0.58.2"
      }
    }
  ],
  "version" : 3
}
