{
  "originHash" : "9f890565cdb9932b9be128b542168e5b519552b49d58c40175556d2847155c5c",
  "pins" : [
    {
      "identity" : "factory",
      "kind" : "remoteSourceControl",
      "location" : "https://github.com/hmlongco/Factory",
      "state" : {
        "revision" : "fb04a8918848e413d3921d346a23bae7f81088d9",
        "version" : "2.4.3"
      }
    },
    {
      "identity" : "nivelir",
      "kind" : "remoteSourceControl",
      "location" : "https://github.com/hhru/Nivelir.git",
      "state" : {
        "revision" : "8d97cafaa08c711bf1f428912195cc0b49c782fa",
        "version" : "1.9.6"
      }
    },
    {
      "identity" : "swiftlintplugins",
      "kind" : "remoteSourceControl",
      "location" : "https://github.com/SimplyDanny/SwiftLintPlugins",
      "state" : {
        "revision" : "7a3d77f3dd9f91d5cea138e52c20cfceabf352de",
        "version" : "0.58.2"
      }
    }
  ],
  "version" : 3
}
