{
  "originHash" : "0c904c9c53fc50c67190b7b09f2f841213aca2b5cc9655ed3f5f22f76da54411",
  "pins" : [
    {
      "identity" : "nivelir",
      "kind" : "remoteSourceControl",
      "location" : "https://github.com/hhru/Nivelir.git",
      "state" : {
        "revision" : "8d97cafaa08c711bf1f428912195cc0b49c782fa",
        "version" : "1.9.6"
      }
    },
    {
      "identity" : "swiftgenplugin",
      "kind" : "remoteSourceControl",
      "location" : "https://github.com/SwiftGen/SwiftGenPlugin",
      "state" : {
        "revision" : "879b85a470cacd70c19e22eb7e11a3aed66f4068",
        "version" : "6.6.2"
      }
    },
    {
      "identity" : "swiftlintplugins",
      "kind" : "remoteSourceControl",
      "location" : "https://github.com/SimplyDanny/SwiftLintPlugins",
      "state" : {
        "revision" : "7a3d77f3dd9f91d5cea138e52c20cfceabf352de",
        "version" : "0.58.2"
      }
    }
  ],
  "version" : 3
}
